[[package]]
name = "atomicwrites"
version = "1.4.1"
description = "Atomic file writes."
category = "dev"
optional = false
python-versions = ">=2.7, !=3.0.*, !=3.1.*, !=3.2.*, !=3.3.*"

[[package]]
name = "attrs"
version = "21.4.0"
description = "Classes Without Boilerplate"
category = "dev"
optional = false
python-versions = ">=2.7, !=3.0.*, !=3.1.*, !=3.2.*, !=3.3.*, !=3.4.*"

[package.extras]
dev = ["coverage[toml] (>=5.0.2)", "hypothesis", "pympler", "pytest (>=4.3.0)", "six", "mypy", "pytest-mypy-plugins", "zope.interface", "furo", "sphinx", "sphinx-notfound-page", "pre-commit", "cloudpickle"]
docs = ["furo", "sphinx", "zope.interface", "sphinx-notfound-page"]
tests = ["coverage[toml] (>=5.0.2)", "hypothesis", "pympler", "pytest (>=4.3.0)", "six", "mypy", "pytest-mypy-plugins", "zope.interface", "cloudpickle"]
tests_no_zope = ["coverage[toml] (>=5.0.2)", "hypothesis", "pympler", "pytest (>=4.3.0)", "six", "mypy", "pytest-mypy-plugins", "cloudpickle"]

[[package]]
name = "colorama"
version = "0.4.5"
description = "Cross-platform colored terminal text."
category = "dev"
optional = false
python-versions = ">=2.7, !=3.0.*, !=3.1.*, !=3.2.*, !=3.3.*, !=3.4.*"

[[package]]
name = "decorator"
version = "5.1.1"
description = "Decorators for Humans"
category = "main"
optional = false
python-versions = ">=3.5"

[[package]]
name = "more-itertools"
version = "8.13.0"
description = "More routines for operating on iterables, beyond itertools"
category = "dev"
optional = false
python-versions = ">=3.5"

[[package]]
name = "p4python"
version = "2021.1.2265002"
description = "P4Python - Python interface to Perforce API"
category = "dev"
optional = false
python-versions = "*"

[[package]]
name = "packaging"
version = "21.3"
description = "Core utilities for Python packages"
category = "dev"
optional = false
python-versions = ">=3.6"

[package.dependencies]
pyparsing = ">=2.0.2,<3.0.5 || >3.0.5"

[[package]]
name = "pluggy"
version = "0.13.1"
description = "plugin and hook calling mechanisms for python"
category = "dev"
optional = false
python-versions = ">=2.7, !=3.0.*, !=3.1.*, !=3.2.*, !=3.3.*"

[package.extras]
dev = ["pre-commit", "tox"]

[[package]]
name = "py"
version = "1.11.0"
description = "library with cross-python path, ini-parsing, io, code, log facilities"
category = "dev"
optional = false
python-versions = ">=2.7, !=3.0.*, !=3.1.*, !=3.2.*, !=3.3.*, !=3.4.*"

[[package]]
name = "pyparsing"
version = "3.0.9"
description = "pyparsing module - Classes and methods to define and execute parsing grammars"
category = "dev"
optional = false
python-versions = ">=3.6.8"

[package.extras]
diagrams = ["railroad-diagrams", "jinja2"]

[[package]]
name = "pytest"
version = "5.4.3"
description = "pytest: simple powerful testing with Python"
category = "dev"
optional = false
python-versions = ">=3.5"

[package.dependencies]
atomicwrites = {version = ">=1.0", markers = "sys_platform == \"win32\""}
attrs = ">=17.4.0"
colorama = {version = "*", markers = "sys_platform == \"win32\""}
more-itertools = ">=4.0.0"
packaging = "*"
pluggy = ">=0.12,<1.0"
py = ">=1.5.0"
wcwidth = "*"

[package.extras]
checkqa-mypy = ["mypy (==v0.761)"]
testing = ["argcomplete", "hypothesis (>=3.56)", "mock", "nose", "requests", "xmlschema"]

[[package]]
name = "wcwidth"
version = "0.2.5"
description = "Measures the displayed width of unicode strings in a terminal"
category = "dev"
optional = false
python-versions = "*"

[metadata]
lock-version = "1.1"
python-versions = "^3.9"
content-hash = "a3d26d743596faa95d6857b79886d9ac6b8c2badf8e32b138072491269ee8427"

[metadata.files]
atomicwrites = [
    {file = "atomicwrites-1.4.1.tar.gz", hash = "sha256:81b2c9071a49367a7f770170e5eec8cb66567cfbbc8c73d20ce5ca4a8d71cf11"},
]
attrs = [
    {file = "attrs-21.4.0-py2.py3-none-any.whl", hash = "sha256:2d27e3784d7a565d36ab851fe94887c5eccd6a463168875832a1be79c82828b4"},
    {file = "attrs-21.4.0.tar.gz", hash = "sha256:626ba8234211db98e869df76230a137c4c40a12d72445c45d5f5b716f076e2fd"},
]
colorama = [
    {file = "colorama-0.4.5-py2.py3-none-any.whl", hash = "sha256:854bf444933e37f5824ae7bfc1e98d5bce2ebe4160d46b5edf346a89358e99da"},
    {file = "colorama-0.4.5.tar.gz", hash = "sha256:e6c6b4334fc50988a639d9b98aa429a0b57da6e17b9a44f0451f930b6967b7a4"},
]
decorator = [
    {file = "decorator-5.1.1-py3-none-any.whl", hash = "sha256:b8c3f85900b9dc423225913c5aace94729fe1fa9763b38939a95226f02d37186"},
    {file = "decorator-5.1.1.tar.gz", hash = "sha256:637996211036b6385ef91435e4fae22989472f9d571faba8927ba8253acbc330"},
]
more-itertools = [
    {file = "more-itertools-8.13.0.tar.gz", hash = "sha256:a42901a0a5b169d925f6f217cd5a190e32ef54360905b9c39ee7db5313bfec0f"},
    {file = "more_itertools-8.13.0-py3-none-any.whl", hash = "sha256:c5122bffc5f104d37c1626b8615b511f3427aa5389b94d61e5ef8236bfbc3ddb"},
]
p4python = [
    {file = "p4python-2021.1.2265002-cp27-cp27m-macosx_10_6_intel.whl", hash = "sha256:655381e23c7fd70a6796022cc72abbc18715a59d3f5ae4d597df3a0e3f2fa5e2"},
    {file = "p4python-2021.1.2265002-cp27-cp27m-manylinux2010_x86_64.whl", hash = "sha256:668b958813a24a7dad35fe6f10ccc717980627ef5def036305b888d66b18b609"},
    {file = "p4python-2021.1.2265002-cp27-cp27m-win32.whl", hash = "sha256:bbaed79f4e38deb48244240c2962c7ba9324dda85287378d3612a6bab86b4fb9"},
    {file = "p4python-2021.1.2265002-cp27-cp27m-win_amd64.whl", hash = "sha256:1fd93fa51d4b587579f4d6bc7f8ebf291014012cb2c0937d1152f85832bfb6fd"},
    {file = "p4python-2021.1.2265002-cp36-cp36m-macosx_10_9_x86_64.whl", hash = "sha256:68bc3cd178c35fcfe80d495342ea8c157372b0ec63720e7a12f2c76503223362"},
    {file = "p4python-2021.1.2265002-cp36-cp36m-manylinux2010_x86_64.whl", hash = "sha256:55efe9afb242a06252e0dd15dc1fecb91eaefafc9d6e53b086d5921aadbea383"},
    {file = "p4python-2021.1.2265002-cp37-cp37m-macosx_10_9_x86_64.whl", hash = "sha256:46900492b4d6190d1ea34e3311e586cd5b481eae2a6a8506dcc11b5af4341b83"},
    {file = "p4python-2021.1.2265002-cp37-cp37m-manylinux2010_x86_64.whl", hash = "sha256:ba0b04ba0cc73bb72099a0581fcfc64640e9a75dc1faf2a77b75efc2ce5bded5"},
    {file = "p4python-2021.1.2265002-cp37-cp37m-win32.whl", hash = "sha256:45633017893dfa9b50ca5e00f2834e48838cb7e4fe27501d1303046e07871cc8"},
    {file = "p4python-2021.1.2265002-cp37-cp37m-win_amd64.whl", hash = "sha256:c6787a37b2d5577b6539d14a837095be2d9f47fadfa1df291a77038e0986a609"},
    {file = "p4python-2021.1.2265002-cp38-cp38-macosx_10_12_x86_64.whl", hash = "sha256:031875daaae08b04750faa682fc85098e355335aed3201557a90a16ca77806ca"},
    {file = "p4python-2021.1.2265002-cp38-cp38-manylinux2010_x86_64.whl", hash = "sha256:e950eb0576c1292ec08815eb7b120baf138d27fd1dc1c5c54a2c20f1305b9cf7"},
    {file = "p4python-2021.1.2265002-cp38-cp38-win32.whl", hash = "sha256:21c11147fca1983ce6bd022942cc954231d920f5740c269318032ee66f1ab103"},
    {file = "p4python-2021.1.2265002-cp38-cp38-win_amd64.whl", hash = "sha256:eedf858df0539ea0fa18465e78a83d637779b2a81d4278ab411bce903c13dfda"},
    {file = "p4python-2021.1.2265002-cp39-cp39-macosx_10_12_universal2.whl", hash = "sha256:578f577aa32809cb284ef948027cf1b005a0bb7c9b6852db8b5725ac794a9c35"},
    {file = "p4python-2021.1.2265002-cp39-cp39-manylinux2010_x86_64.whl", hash = "sha256:9676b9cda7138a6eef712b7b2441ec3e096e6e94ba91c0766cd669daeafee94f"},
    {file = "p4python-2021.1.2265002-cp39-cp39-win32.whl", hash = "sha256:dffa96cb23b42e93cff54761621cef6cdf28d671e35b3b7689654d034fc4f10f"},
    {file = "p4python-2021.1.2265002-cp39-cp39-win_amd64.whl", hash = "sha256:f3357ad54f92e33ec5717065a0af74b64cf1a6e031eb35d349142c5acb985c13"},
    {file = "p4python-2021.1.2265002.tar.gz", hash = "sha256:f39a33a23e8f41de2ffff0c0b86a36ec27626bad63a4eb30e74d86915a5d2f52"},
]
packaging = [
    {file = "packaging-21.3-py3-none-any.whl", hash = "sha256:ef103e05f519cdc783ae24ea4e2e0f508a9c99b2d4969652eed6a2e1ea5bd522"},
    {file = "packaging-21.3.tar.gz", hash = "sha256:dd47c42927d89ab911e606518907cc2d3a1f38bbd026385970643f9c5b8ecfeb"},
]
pluggy = [
    {file = "pluggy-0.13.1-py2.py3-none-any.whl", hash = "sha256:966c145cd83c96502c3c3868f50408687b38434af77734af1e9ca461a4081d2d"},
    {file = "pluggy-0.13.1.tar.gz", hash = "sha256:15b2acde666561e1298d71b523007ed7364de07029219b604cf808bfa1c765b0"},
]
py = [
    {file = "py-1.11.0-py2.py3-none-any.whl", hash = "sha256:607c53218732647dff4acdfcd50cb62615cedf612e72d1724fb1a0cc6405b378"},
    {file = "py-1.11.0.tar.gz", hash = "sha256:51c75c4126074b472f746a24399ad32f6053d1b34b68d2fa41e558e6f4a98719"},
]
pyparsing = [
    {file = "pyparsing-3.0.9-py3-none-any.whl", hash = "sha256:5026bae9a10eeaefb61dab2f09052b9f4307d44aee4eda64b309723d8d206bbc"},
    {file = "pyparsing-3.0.9.tar.gz", hash = "sha256:2b020ecf7d21b687f219b71ecad3631f644a47f01403fa1d1036b0c6416d70fb"},
]
pytest = [
    {file = "pytest-5.4.3-py3-none-any.whl", hash = "sha256:5c0db86b698e8f170ba4582a492248919255fcd4c79b1ee64ace34301fb589a1"},
    {file = "pytest-5.4.3.tar.gz", hash = "sha256:7979331bfcba207414f5e1263b5a0f8f521d0f457318836a7355531ed1a4c7d8"},
]
wcwidth = [
    {file = "wcwidth-0.2.5-py2.py3-none-any.whl", hash = "sha256:beb4802a9cebb9144e99086eff703a642a13d6a0052920003a230f3294bbe784"},
    {file = "wcwidth-0.2.5.tar.gz", hash = "sha256:c4d647b99872929fdb7bdcaa4fbe7f01413ed3d98077df798530e5b04f116c83"},
]
